Microsoft Visual Studio Solution File, Format Version 12.00
# Visual Studio Version 17
VisualStudioVersion = 17.5.2.0
MinimumVisualStudioVersion = 10.0.40219.1
Project("{FAE04EC0-301F-11D3-BF4B-00C04F79EFBC}") = "ProjetV1", "Backend\ProjetV1.csproj", "{C70391FB-A15F-6538-0166-C5B83311675B}"
EndProject
Global
	GlobalSection(SolutionConfigurationPlatforms) = preSolution
		Debug|Any CPU = Debug|Any CPU
		Release|Any CPU = Release|Any CPU
	EndGlobalSection
	GlobalSection(ProjectConfigurationPlatforms) = postSolution
		{C70391FB-A15F-6538-0166-C5B83311675B}.Debug|Any CPU.ActiveCfg = Debug|Any CPU
		{C70391FB-A15F-6538-0166-C5B83311675B}.Debug|Any CPU.Build.0 = Debug|Any CPU
		{C70391FB-A15F-6538-0166-C5B83311675B}.Release|Any CPU.ActiveCfg = Release|Any CPU
		{C70391FB-A15F-6538-0166-C5B83311675B}.Release|Any CPU.Build.0 = Release|Any CPU
	EndGlobalSection
	GlobalSection(SolutionProperties) = preSolution
		HideSolutionNode = FALSE
	EndGlobalSection
	GlobalSection(ExtensibilityGlobals) = postSolution
		SolutionGuid = {BDD8885E-9F7E-4C1A-A408-3A6F115B4255}
	EndGlobalSection
EndGlobal
